// !$*UTF8*$!
{
	archiveVersion = 1;
	classes = {
	};
	objectVersion = 48;
	objects = {

/* Begin PBXBuildFile section */
		9C3E91242068D33A00E32E04 /* AppDelegate.swift in Sources */ = {isa = PBXBuildFile; fileRef = 9C3E91232068D33A00E32E04 /* AppDelegate.swift */; };
		9C3E91262068D33A00E32E04 /* ViewController.swift in Sources */ = {isa = PBXBuildFile; fileRef = 9C3E91252068D33A00E32E04 /* ViewController.swift */; };
		9C3E91292068D33A00E32E04 /* Main.storyboard in Resources */ = {isa = PBXBuildFile; fileRef = 9C3E91272068D33A00E32E04 /* Main.storyboard */; };
		9C3E912B2068D33A00E32E04 /* Assets.xcassets in Resources */ = {isa = PBXBuildFile; fileRef = 9C3E912A2068D33A00E32E04 /* Assets.xcassets */; };
		9C3E912E2068D33A00E32E04 /* LaunchScreen.storyboard in Resources */ = {isa = PBXBuildFile; fileRef = 9C3E912C2068D33A00E32E04 /* LaunchScreen.storyboard */; };
		9C3E91392068D33A00E32E04 /* Calculator1Tests.swift in Sources */ = {isa = PBXBuildFile; fileRef = 9C3E91382068D33A00E32E04 /* Calculator1Tests.swift */; };
		9C3E91442068D33A00E32E04 /* Calculator1UITests.swift in Sources */ = {isa = PBXBuildFile; fileRef = 9C3E91432068D33A00E32E04 /* Calculator1UITests.swift */; };
		9C3E91542068DA7B00E32E04 /* HistoryVC.swift in Sources */ = {isa = PBXBuildFile; fileRef = 9C3E91532068DA7B00E32E04 /* HistoryVC.swift */; };
		9C3E91562068DEBF00E32E04 /* DataListItem.swift in Sources */ = {isa = PBXBuildFile; fileRef = 9C3E91552068DEBF00E32E04 /* DataListItem.swift */; };
		9C3E9158206905DC00E32E04 /* CalculatePresenter.swift in Sources */ = {isa = PBXBuildFile; fileRef = 9C3E9157206905DC00E32E04 /* CalculatePresenter.swift */; };
		9C3E915B20690D7700E32E04 /* CalculatorPresenterBuilder.swift in Sources */ = {isa = PBXBuildFile; fileRef = 9C3E915A20690D7700E32E04 /* CalculatorPresenterBuilder.swift */; };
		9C3E91602069152F00E32E04 /* CalculateRouter.swift in Sources */ = {isa = PBXBuildFile; fileRef = 9C3E915F2069152F00E32E04 /* CalculateRouter.swift */; };
/* End PBXBuildFile section */

/* Begin PBXContainerItemProxy section */
		9C3E91352068D33A00E32E04 /* PBXContainerItemProxy */ = {
			isa = PBXContainerItemProxy;
			containerPortal = 9C3E91182068D33900E32E04 /* Project object */;
			proxyType = 1;
			remoteGlobalIDString = 9C3E911F2068D33900E32E04;
			remoteInfo = Calculator1;
		};
		9C3E91402068D33A00E32E04 /* PBXContainerItemProxy */ = {
			isa = PBXContainerItemProxy;
			containerPortal = 9C3E91182068D33900E32E04 /* Project object */;
			proxyType = 1;
			remoteGlobalIDString = 9C3E911F2068D33900E32E04;
			remoteInfo = Calculator1;
		};
/* End PBXContainerItemProxy section */

/* Begin PBXFileReference section */
		9C3E91202068D33900E32E04 /* Calculator1.app */ = {isa = PBXFileReference; explicitFileType = wrapper.application; includeInIndex = 0; path = Calculator1.app; sourceTree = BUILT_PRODUCTS_DIR; };
		9C3E91232068D33A00E32E04 /* AppDelegate.swift */ = {isa = PBXFileReference; lastKnownFileType = sourcecode.swift; path = AppDelegate.swift; sourceTree = "<group>"; };
		9C3E91252068D33A00E32E04 /* ViewController.swift */ = {isa = PBXFileReference; lastKnownFileType = sourcecode.swift; path = ViewController.swift; sourceTree = "<group>"; };
		9C3E91282068D33A00E32E04 /* Base */ = {isa = PBXFileReference; lastKnownFileType = file.storyboard; name = Base; path = Base.lproj/Main.storyboard; sourceTree = "<group>"; };
		9C3E912A2068D33A00E32E04 /* Assets.xcassets */ = {isa = PBXFileReference; lastKnownFileType = folder.assetcatalog; path = Assets.xcassets; sourceTree = "<group>"; };
		9C3E912D2068D33A00E32E04 /* Base */ = {isa = PBXFileReference; lastKnownFileType = file.storyboard; name = Base; path = Base.lproj/LaunchScreen.storyboard; sourceTree = "<group>"; };
		9C3E912F2068D33A00E32E04 /* Info.plist */ = {isa = PBXFileReference; lastKnownFileType = text.plist.xml; path = Info.plist; sourceTree = "<group>"; };
		9C3E91342068D33A00E32E04 /* Calculator1Tests.xctest */ = {isa = PBXFileReference; explicitFileType = wrapper.cfbundle; includeInIndex = 0; path = Calculator1Tests.xctest; sourceTree = BUILT_PRODUCTS_DIR; };
		9C3E91382068D33A00E32E04 /* Calculator1Tests.swift */ = {isa = PBXFileReference; lastKnownFileType = sourcecode.swift; path = Calculator1Tests.swift; sourceTree = "<group>"; };
		9C3E913A2068D33A00E32E04 /* Info.plist */ = {isa = PBXFileReference; lastKnownFileType = text.plist.xml; path = Info.plist; sourceTree = "<group>"; };
		9C3E913F2068D33A00E32E04 /* Calculator1UITests.xctest */ = {isa = PBXFileReference; explicitFileType = wrapper.cfbundle; includeInIndex = 0; path = Calculator1UITests.xctest; sourceTree = BUILT_PRODUCTS_DIR; };
		9C3E91432068D33A00E32E04 /* Calculator1UITests.swift */ = {isa = PBXFileReference; lastKnownFileType = sourcecode.swift; path = Calculator1UITests.swift; sourceTree = "<group>"; };
		9C3E91452068D33A00E32E04 /* Info.plist */ = {isa = PBXFileReference; lastKnownFileType = text.plist.xml; path = Info.plist; sourceTree = "<group>"; };
		9C3E91532068DA7B00E32E04 /* HistoryVC.swift */ = {isa = PBXFileReference; lastKnownFileType = sourcecode.swift; path = HistoryVC.swift; sourceTree = "<group>"; };
		9C3E91552068DEBF00E32E04 /* DataListItem.swift */ = {isa = PBXFileReference; lastKnownFileType = sourcecode.swift; path = DataListItem.swift; sourceTree = "<group>"; };
		9C3E9157206905DC00E32E04 /* CalculatePresenter.swift */ = {isa = PBXFileReference; lastKnownFileType = sourcecode.swift; path = CalculatePresenter.swift; sourceTree = "<group>"; };
		9C3E915A20690D7700E32E04 /* CalculatorPresenterBuilder.swift */ = {isa = PBXFileReference; lastKnownFileType = sourcecode.swift; path = CalculatorPresenterBuilder.swift; sourceTree = "<group>"; };
		9C3E915F2069152F00E32E04 /* CalculateRouter.swift */ = {isa = PBXFileReference; lastKnownFileType = sourcecode.swift; path = CalculateRouter.swift; sourceTree = "<group>"; };
/* End PBXFileReference section */

/* Begin PBXFrameworksBuildPhase section */
		9C3E911D2068D33900E32E04 /* Frameworks */ = {
			isa = PBXFrameworksBuildPhase;
			buildActionMask = 2147483647;
			files = (
			);
			runOnlyForDeploymentPostprocessing = 0;
		};
		9C3E91312068D33A00E32E04 /* Frameworks */ = {
			isa = PBXFrameworksBuildPhase;
			buildActionMask = 2147483647;
			files = (
			);
			runOnlyForDeploymentPostprocessing = 0;
		};
		9C3E913C2068D33A00E32E04 /* Frameworks */ = {
			isa = PBXFrameworksBuildPhase;
			buildActionMask = 2147483647;
			files = (
			);
			runOnlyForDeploymentPostprocessing = 0;
		};
/* End PBXFrameworksBuildPhase section */

/* Begin PBXGroup section */
		9C3E91172068D33900E32E04 = {
			isa = PBXGroup;
			children = (
				9C3E91222068D33900E32E04 /* Calculator1 */,
				9C3E91372068D33A00E32E04 /* Calculator1Tests */,
				9C3E91422068D33A00E32E04 /* Calculator1UITests */,
				9C3E91212068D33900E32E04 /* Products */,
			);
			sourceTree = "<group>";
		};
		9C3E91212068D33900E32E04 /* Products */ = {
			isa = PBXGroup;
			children = (
				9C3E91202068D33900E32E04 /* Calculator1.app */,
				9C3E91342068D33A00E32E04 /* Calculator1Tests.xctest */,
				9C3E913F2068D33A00E32E04 /* Calculator1UITests.xctest */,
			);
			name = Products;
			sourceTree = "<group>";
		};
		9C3E91222068D33900E32E04 /* Calculator1 */ = {
			isa = PBXGroup;
			children = (
				9CA9ADBC206B8465003E0B16 /* StoryBoard */,
				9C3E915E2069151900E32E04 /* Router */,
				9C3E915D2069150500E32E04 /* VC */,
				9C3E915C206914F000E32E04 /* Model */,
				9C3E915920690D6200E32E04 /* presenter */,
				9C3E91232068D33A00E32E04 /* AppDelegate.swift */,
				9C3E912A2068D33A00E32E04 /* Assets.xcassets */,
				9C3E912F2068D33A00E32E04 /* Info.plist */,
			);
			path = Calculator1;
			sourceTree = "<group>";
		};
		9C3E91372068D33A00E32E04 /* Calculator1Tests */ = {
			isa = PBXGroup;
			children = (
				9C3E91382068D33A00E32E04 /* Calculator1Tests.swift */,
				9C3E913A2068D33A00E32E04 /* Info.plist */,
			);
			path = Calculator1Tests;
			sourceTree = "<group>";
		};
		9C3E91422068D33A00E32E04 /* Calculator1UITests */ = {
			isa = PBXGroup;
			children = (
				9C3E91432068D33A00E32E04 /* Calculator1UITests.swift */,
				9C3E91452068D33A00E32E04 /* Info.plist */,
			);
			path = Calculator1UITests;
			sourceTree = "<group>";
		};
		9C3E915920690D6200E32E04 /* presenter */ = {
			isa = PBXGroup;
			children = (
				9C3E915A20690D7700E32E04 /* CalculatorPresenterBuilder.swift */,
				9C3E9157206905DC00E32E04 /* CalculatePresenter.swift */,
			);
			path = presenter;
			sourceTree = "<group>";
		};
		9C3E915C206914F000E32E04 /* Model */ = {
			isa = PBXGroup;
			children = (
				9C3E91552068DEBF00E32E04 /* DataListItem.swift */,
			);
			path = Model;
			sourceTree = "<group>";
		};
		9C3E915D2069150500E32E04 /* VC */ = {
			isa = PBXGroup;
			children = (
				9C3E91252068D33A00E32E04 /* ViewController.swift */,
				9C3E91532068DA7B00E32E04 /* HistoryVC.swift */,
			);
			path = VC;
			sourceTree = "<group>";
		};
		9C3E915E2069151900E32E04 /* Router */ = {
			isa = PBXGroup;
			children = (
				9C3E915F2069152F00E32E04 /* CalculateRouter.swift */,
			);
			path = Router;
			sourceTree = "<group>";
		};
		9CA9ADBC206B8465003E0B16 /* StoryBoard */ = {
			isa = PBXGroup;
			children = (
				9C3E912C2068D33A00E32E04 /* LaunchScreen.storyboard */,
				9C3E91272068D33A00E32E04 /* Main.storyboard */,
			);
			path = StoryBoard;
			sourceTree = "<group>";
		};
/* End PBXGroup section */

/* Begin PBXNativeTarget section */
		9C3E911F2068D33900E32E04 /* Calculator1 */ = {
			isa = PBXNativeTarget;
			buildConfigurationList = 9C3E91482068D33A00E32E04 /* Build configuration list for PBXNativeTarget "Calculator1" */;
			buildPhases = (
				9C3E911C2068D33900E32E04 /* Sources */,
				9C3E911D2068D33900E32E04 /* Frameworks */,
				9C3E911E2068D33900E32E04 /* Resources */,
			);
			buildRules = (
			);
			dependencies = (
			);
			name = Calculator1;
			productName = Calculator1;
			productReference = 9C3E91202068D33900E32E04 /* Calculator1.app */;
			productType = "com.apple.product-type.application";
		};
		9C3E91332068D33A00E32E04 /* Calculator1Tests */ = {
			isa = PBXNativeTarget;
			buildConfigurationList = 9C3E914B2068D33A00E32E04 /* Build configuration list for PBXNativeTarget "Calculator1Tests" */;
			buildPhases = (
				9C3E91302068D33A00E32E04 /* Sources */,
				9C3E91312068D33A00E32E04 /* Frameworks */,
				9C3E91322068D33A00E32E04 /* Resources */,
			);
			buildRules = (
			);
			dependencies = (
				9C3E91362068D33A00E32E04 /* PBXTargetDependency */,
			);
			name = Calculator1Tests;
			productName = Calculator1Tests;
			productReference = 9C3E91342068D33A00E32E04 /* Calculator1Tests.xctest */;
			productType = "com.apple.product-type.bundle.unit-test";
		};
		9C3E913E2068D33A00E32E04 /* Calculator1UITests */ = {
			isa = PBXNativeTarget;
			buildConfigurationList = 9C3E914E2068D33A00E32E04 /* Build configuration list for PBXNativeTarget "Calculator1UITests" */;
			buildPhases = (
				9C3E913B2068D33A00E32E04 /* Sources */,
				9C3E913C2068D33A00E32E04 /* Frameworks */,
				9C3E913D2068D33A00E32E04 /* Resources */,
			);
			buildRules = (
			);
			dependencies = (
				9C3E91412068D33A00E32E04 /* PBXTargetDependency */,
			);
			name = Calculator1UITests;
			productName = Calculator1UITests;
			productReference = 9C3E913F2068D33A00E32E04 /* Calculator1UITests.xctest */;
			productType = "com.apple.product-type.bundle.ui-testing";
		};
/* End PBXNativeTarget section */

/* Begin PBXProject section */
		9C3E91182068D33900E32E04 /* Project object */ = {
			isa = PBXProject;
			attributes = {
				LastSwiftUpdateCheck = 0920;
				LastUpgradeCheck = 0920;
				ORGANIZATIONNAME = chayarak;
				TargetAttributes = {
					9C3E911F2068D33900E32E04 = {
						CreatedOnToolsVersion = 9.2;
						ProvisioningStyle = Automatic;
					};
					9C3E91332068D33A00E32E04 = {
						CreatedOnToolsVersion = 9.2;
						ProvisioningStyle = Automatic;
						TestTargetID = 9C3E911F2068D33900E32E04;
					};
					9C3E913E2068D33A00E32E04 = {
						CreatedOnToolsVersion = 9.2;
						ProvisioningStyle = Automatic;
						TestTargetID = 9C3E911F2068D33900E32E04;
					};
				};
			};
			buildConfigurationList = 9C3E911B2068D33900E32E04 /* Build configuration list for PBXProject "Calculator1" */;
			compatibilityVersion = "Xcode 8.0";
			developmentRegion = en;
			hasScannedForEncodings = 0;
			knownRegions = (
				en,
				Base,
			);
			mainGroup = 9C3E91172068D33900E32E04;
			productRefGroup = 9C3E91212068D33900E32E04 /* Products */;
			projectDirPath = "";
			projectRoot = "";
			targets = (
				9C3E911F2068D33900E32E04 /* Calculator1 */,
				9C3E91332068D33A00E32E04 /* Calculator1Tests */,
				9C3E913E2068D33A00E32E04 /* Calculator1UITests */,
			);
		};
/* End PBXProject section */

/* Begin PBXResourcesBuildPhase section */
		9C3E911E2068D33900E32E04 /* Resources */ = {
			isa = PBXResourcesBuildPhase;
			buildActionMask = 2147483647;
			files = (
				9C3E912E2068D33A00E32E04 /* LaunchScreen.storyboard in Resources */,
				9C3E912B2068D33A00E32E04 /* Assets.xcassets in Resources */,
				9C3E91292068D33A00E32E04 /* Main.storyboard in Resources */,
			);
			runOnlyForDeploymentPostprocessing = 0;
		};
		9C3E91322068D33A00E32E04 /* Resources */ = {
			isa = PBXResourcesBuildPhase;
			buildActionMask = 2147483647;
			files = (
			);
			runOnlyForDeploymentPostprocessing = 0;
		};
		9C3E913D2068D33A00E32E04 /* Resources */ = {
			isa = PBXResourcesBuildPhase;
			buildActionMask = 2147483647;
			files = (
			);
			runOnlyForDeploymentPostprocessing = 0;
		};
/* End PBXResourcesBuildPhase section */

/* Begin PBXSourcesBuildPhase section */
		9C3E911C2068D33900E32E04 /* Sources */ = {
			isa = PBXSourcesBuildPhase;
			buildActionMask = 2147483647;
			files = (
				9C3E91602069152F00E32E04 /* CalculateRouter.swift in Sources */,
				9C3E91542068DA7B00E32E04 /* HistoryVC.swift in Sources */,
				9C3E91262068D33A00E32E04 /* ViewController.swift in Sources */,
				9C3E915B20690D7700E32E04 /* CalculatorPresenterBuilder.swift in Sources */,
				9C3E9158206905DC00E32E04 /* CalculatePresenter.swift in Sources */,
				9C3E91562068DEBF00E32E04 /* DataListItem.swift in Sources */,
				9C3E91242068D33A00E32E04 /* AppDelegate.swift in Sources */,
			);
			runOnlyForDeploymentPostprocessing = 0;
		};
		9C3E91302068D33A00E32E04 /* Sources */ = {
			isa = PBXSourcesBuildPhase;
			buildActionMask = 2147483647;
			files = (
				9C3E91392068D33A00E32E04 /* Calculator1Tests.swift in Sources */,
			);
			runOnlyForDeploymentPostprocessing = 0;
		};
		9C3E913B2068D33A00E32E04 /* Sources */ = {
			isa = PBXSourcesBuildPhase;
			buildActionMask = 2147483647;
			files = (
				9C3E91442068D33A00E32E04 /* Calculator1UITests.swift in Sources */,
			);
			runOnlyForDeploymentPostprocessing = 0;
		};
/* End PBXSourcesBuildPhase section */

/* Begin PBXTargetDependency section */
		9C3E91362068D33A00E32E04 /* PBXTargetDependency */ = {
			isa = PBXTargetDependency;
			target = 9C3E911F2068D33900E32E04 /* Calculator1 */;
			targetProxy = 9C3E91352068D33A00E32E04 /* PBXContainerItemProxy */;
		};
		9C3E91412068D33A00E32E04 /* PBXTargetDependency */ = {
			isa = PBXTargetDependency;
			target = 9C3E911F2068D33900E32E04 /* Calculator1 */;
			targetProxy = 9C3E91402068D33A00E32E04 /* PBXContainerItemProxy */;
		};
/* End PBXTargetDependency section */

/* Begin PBXVariantGroup section */
		9C3E91272068D33A00E32E04 /* Main.storyboard */ = {
			isa = PBXVariantGroup;
			children = (
				9C3E91282068D33A00E32E04 /* Base */,
			);
			name = Main.storyboard;
			sourceTree = "<group>";
		};
		9C3E912C2068D33A00E32E04 /* LaunchScreen.storyboard */ = {
			isa = PBXVariantGroup;
			children = (
				9C3E912D2068D33A00E32E04 /* Base */,
			);
			name = LaunchScreen.storyboard;
			sourceTree = "<group>";
		};
/* End PBXVariantGroup section */

/* Begin XCBuildConfiguration section */
		9C3E91462068D33A00E32E04 /* Debug */ = {
			isa = XCBuildConfiguration;
			buildSettings = {
				ALWAYS_SEARCH_USER_PATHS = NO;
				CLANG_ANALYZER_NONNULL = YES;
				CLANG_ANALYZER_NUMBER_OBJECT_CONVERSION = YES_AGGRESSIVE;
				CLANG_CXX_LANGUAGE_STANDARD = "gnu++14";
				CLANG_CXX_LIBRARY = "libc++";
				CLANG_ENABLE_MODULES = YES;
				CLANG_ENABLE_OBJC_ARC = YES;
				CLANG_WARN_BLOCK_CAPTURE_AUTORELEASING = YES;
				CLANG_WARN_BOOL_CONVERSION = YES;
				CLANG_WARN_COMMA = YES;
				CLANG_WARN_CONSTANT_CONVERSION = YES;
				CLANG_WARN_DIRECT_OBJC_ISA_USAGE = YES_ERROR;
				CLANG_WARN_DOCUMENTATION_COMMENTS = YES;
				CLANG_WARN_EMPTY_BODY = YES;
				CLANG_WARN_ENUM_CONVERSION = YES;
				CLANG_WARN_INFINITE_RECURSION = YES;
				CLANG_WARN_INT_CONVERSION = YES;
				CLANG_WARN_NON_LITERAL_NULL_CONVERSION = YES;
				CLANG_WARN_OBJC_LITERAL_CONVERSION = YES;
				CLANG_WARN_OBJC_ROOT_CLASS = YES_ERROR;
				CLANG_WARN_RANGE_LOOP_ANALYSIS = YES;
				CLANG_WARN_STRICT_PROTOTYPES = YES;
				CLANG_WARN_SUSPICIOUS_MOVE = YES;
				CLANG_WARN_UNGUARDED_AVAILABILITY = YES_AGGRESSIVE;
				CLANG_WARN_UNREACHABLE_CODE = YES;
				CLANG_WARN__DUPLICATE_METHOD_MATCH = YES;
				CODE_SIGN_IDENTITY = "iPhone Developer";
				COPY_PHASE_STRIP = NO;
				DEBUG_INFORMATION_FORMAT = dwarf;
				ENABLE_STRICT_OBJC_MSGSEND = YES;
				ENABLE_TESTABILITY = YES;
				GCC_C_LANGUAGE_STANDARD = gnu11;
				GCC_DYNAMIC_NO_PIC = NO;
				GCC_NO_COMMON_BLOCKS = YES;
				GCC_OPTIMIZATION_LEVEL = 0;
				GCC_PREPROCESSOR_DEFINITIONS = (
					"DEBUG=1",
					"$(inherited)",
				);
				GCC_WARN_64_TO_32_BIT_CONVERSION = YES;
				GCC_WARN_ABOUT_RETURN_TYPE = YES_ERROR;
				GCC_WARN_UNDECLARED_SELECTOR = YES;
				GCC_WARN_UNINITIALIZED_AUTOS = YES_AGGRESSIVE;
				GCC_WARN_UNUSED_FUNCTION = YES;
				GCC_WARN_UNUSED_VARIABLE = YES;
				IPHONEOS_DEPLOYMENT_TARGET = 11.2;
				MTL_ENABLE_DEBUG_INFO = YES;
				ONLY_ACTIVE_ARCH = YES;
				SDKROOT = iphoneos;
				SWIFT_ACTIVE_COMPILATION_CONDITIONS = DEBUG;
				SWIFT_OPTIMIZATION_LEVEL = "-Onone";
			};
			name = Debug;
		};
		9C3E91472068D33A00E32E04 /* Release */ = {
			isa = XCBuildConfiguration;
			buildSettings = {
				ALWAYS_SEARCH_USER_PATHS = NO;
				CLANG_ANALYZER_NONNULL = YES;
				CLANG_ANALYZER_NUMBER_OBJECT_CONVERSION = YES_AGGRESSIVE;
				CLANG_CXX_LANGUAGE_STANDARD = "gnu++14";
				CLANG_CXX_LIBRARY = "libc++";
				CLANG_ENABLE_MODULES = YES;
				CLANG_ENABLE_OBJC_ARC = YES;
				CLANG_WARN_BLOCK_CAPTURE_AUTORELEASING = YES;
				CLANG_WARN_BOOL_CONVERSION = YES;
				CLANG_WARN_COMMA = YES;
				CLANG_WARN_CONSTANT_CONVERSION = YES;
				CLANG_WARN_DIRECT_OBJC_ISA_USAGE = YES_ERROR;
				CLANG_WARN_DOCUMENTATION_COMMENTS = YES;
				CLANG_WARN_EMPTY_BODY = YES;
				CLANG_WARN_ENUM_CONVERSION = YES;
				CLANG_WARN_INFINITE_RECURSION = YES;
				CLANG_WARN_INT_CONVERSION = YES;
				CLANG_WARN_NON_LITERAL_NULL_CONVERSION = YES;
				CLANG_WARN_OBJC_LITERAL_CONVERSION = YES;
				CLANG_WARN_OBJC_ROOT_CLASS = YES_ERROR;
				CLANG_WARN_RANGE_LOOP_ANALYSIS = YES;
				CLANG_WARN_STRICT_PROTOTYPES = YES;
				CLANG_WARN_SUSPICIOUS_MOVE = YES;
				CLANG_WARN_UNGUARDED_AVAILABILITY = YES_AGGRESSIVE;
				CLANG_WARN_UNREACHABLE_CODE = YES;
				CLANG_WARN__DUPLICATE_METHOD_MATCH = YES;
				CODE_SIGN_IDENTITY = "iPhone Developer";
				COPY_PHASE_STRIP = NO;
				DEBUG_INFORMATION_FORMAT = "dwarf-with-dsym";
				ENABLE_NS_ASSERTIONS = NO;
				ENABLE_STRICT_OBJC_MSGSEND = YES;
				GCC_C_LANGUAGE_STANDARD = gnu11;
				GCC_NO_COMMON_BLOCKS = YES;
				GCC_WARN_64_TO_32_BIT_CONVERSION = YES;
				GCC_WARN_ABOUT_RETURN_TYPE = YES_ERROR;
				GCC_WARN_UNDECLARED_SELECTOR = YES;
				GCC_WARN_UNINITIALIZED_AUTOS = YES_AGGRESSIVE;
				GCC_WARN_UNUSED_FUNCTION = YES;
				GCC_WARN_UNUSED_VARIABLE = YES;
				IPHONEOS_DEPLOYMENT_TARGET = 11.2;
				MTL_ENABLE_DEBUG_INFO = NO;
				SDKROOT = iphoneos;
				SWIFT_OPTIMIZATION_LEVEL = "-Owholemodule";
				VALIDATE_PRODUCT = YES;
			};
			name = Release;
		};
		9C3E91492068D33A00E32E04 /* Debug */ = {
			isa = XCBuildConfiguration;
			buildSettings = {
				ASSETCATALOG_COMPILER_APPICON_NAME = AppIcon;
				CODE_SIGN_STYLE = Automatic;
				INFOPLIST_FILE = Calculator1/Info.plist;
				LD_RUNPATH_SEARCH_PATHS = "$(inherited) @executable_path/Frameworks";
				PRODUCT_BUNDLE_IDENTIFIER = com.example.Calculator1;
				PRODUCT_NAME = "$(TARGET_NAME)";
				SWIFT_VERSION = 4.0;
				TARGETED_DEVICE_FAMILY = "1,2";
			};
			name = Debug;
		};
		9C3E914A2068D33A00E32E04 /* Release */ = {
			isa = XCBuildConfiguration;
			buildSettings = {
				ASSETCATALOG_COMPILER_APPICON_NAME = AppIcon;
				CODE_SIGN_STYLE = Automatic;
				INFOPLIST_FILE = Calculator1/Info.plist;
				LD_RUNPATH_SEARCH_PATHS = "$(inherited) @executable_path/Frameworks";
				PRODUCT_BUNDLE_IDENTIFIER = com.example.Calculator1;
				PRODUCT_NAME = "$(TARGET_NAME)";
				SWIFT_VERSION = 4.0;
				TARGETED_DEVICE_FAMILY = "1,2";
			};
			name = Release;
		};
		9C3E914C2068D33A00E32E04 /* Debug */ = {
			isa = XCBuildConfiguration;
			buildSettings = {
				ALWAYS_EMBED_SWIFT_STANDARD_LIBRARIES = YES;
				BUNDLE_LOADER = "$(TEST_HOST)";
				CODE_SIGN_STYLE = Automatic;
				INFOPLIST_FILE = Calculator1Tests/Info.plist;
				LD_RUNPATH_SEARCH_PATHS = "$(inherited) @executable_path/Frameworks @loader_path/Frameworks";
				PRODUCT_BUNDLE_IDENTIFIER = com.example.Calculator1Tests;
				PRODUCT_NAME = "$(TARGET_NAME)";
				SWIFT_VERSION = 4.0;
				TARGETED_DEVICE_FAMILY = "1,2";
				TEST_HOST = "$(BUILT_PRODUCTS_DIR)/Calculator1.app/Calculator1";
			};
			name = Debug;
		};
		9C3E914D2068D33A00E32E04 /* Release */ = {
			isa = XCBuildConfiguration;
			buildSettings = {
				ALWAYS_EMBED_SWIFT_STANDARD_LIBRARIES = YES;
				BUNDLE_LOADER = "$(TEST_HOST)";
				CODE_SIGN_STYLE = Automatic;
				INFOPLIST_FILE = Calculator1Tests/Info.plist;
				LD_RUNPATH_SEARCH_PATHS = "$(inherited) @executable_path/Frameworks @loader_path/Frameworks";
				PRODUCT_BUNDLE_IDENTIFIER = com.example.Calculator1Tests;
				PRODUCT_NAME = "$(TARGET_NAME)";
				SWIFT_VERSION = 4.0;
				TARGETED_DEVICE_FAMILY = "1,2";
				TEST_HOST = "$(BUILT_PRODUCTS_DIR)/Calculator1.app/Calculator1";
			};
			name = Release;
		};
		9C3E914F2068D33A00E32E04 /* Debug */ = {
			isa = XCBuildConfiguration;
			buildSettings = {
				ALWAYS_EMBED_SWIFT_STANDARD_LIBRARIES = YES;
				CODE_SIGN_STYLE = Automatic;
				INFOPLIST_FILE = Calculator1UITests/Info.plist;
				LD_RUNPATH_SEARCH_PATHS = "$(inherited) @executable_path/Frameworks @loader_path/Frameworks";
				PRODUCT_BUNDLE_IDENTIFIER = com.example.Calculator1UITests;
				PRODUCT_NAME = "$(TARGET_NAME)";
				SWIFT_VERSION = 4.0;
				TARGETED_DEVICE_FAMILY = "1,2";
				TEST_TARGET_NAME = Calculator1;
			};
			name = Debug;
		};
		9C3E91502068D33A00E32E04 /* Release */ = {
			isa = XCBuildConfiguration;
			buildSettings = {
				ALWAYS_EMBED_SWIFT_STANDARD_LIBRARIES = YES;
				CODE_SIGN_STYLE = Automatic;
				INFOPLIST_FILE = Calculator1UITests/Info.plist;
				LD_RUNPATH_SEARCH_PATHS = "$(inherited) @executable_path/Frameworks @loader_path/Frameworks";
				PRODUCT_BUNDLE_IDENTIFIER = com.example.Calculator1UITests;
				PRODUCT_NAME = "$(TARGET_NAME)";
				SWIFT_VERSION = 4.0;
				TARGETED_DEVICE_FAMILY = "1,2";
				TEST_TARGET_NAME = Calculator1;
			};
			name = Release;
		};
/* End XCBuildConfiguration section */

/* Begin XCConfigurationList section */
		9C3E911B2068D33900E32E04 /* Build configuration list for PBXProject "Calculator1" */ = {
			isa = XCConfigurationList;
			buildConfigurations = (
				9C3E91462068D33A00E32E04 /* Debug */,
				9C3E91472068D33A00E32E04 /* Release */,
			);
			defaultConfigurationIsVisible = 0;
			defaultConfigurationName = Release;
		};
		9C3E91482068D33A00E32E04 /* Build configuration list for PBXNativeTarget "Calculator1" */ = {
			isa = XCConfigurationList;
			buildConfigurations = (
				9C3E91492068D33A00E32E04 /* Debug */,
				9C3E914A2068D33A00E32E04 /* Release */,
			);
			defaultConfigurationIsVisible = 0;
			defaultConfigurationName = Release;
		};
		9C3E914B2068D33A00E32E04 /* Build configuration list for PBXNativeTarget "Calculator1Tests" */ = {
			isa = XCConfigurationList;
			buildConfigurations = (
				9C3E914C2068D33A00E32E04 /* Debug */,
				9C3E914D2068D33A00E32E04 /* Release */,
			);
			defaultConfigurationIsVisible = 0;
			defaultConfigurationName = Release;
		};
		9C3E914E2068D33A00E32E04 /* Build configuration list for PBXNativeTarget "Calculator1UITests" */ = {
			isa = XCConfigurationList;
			buildConfigurations = (
				9C3E914F2068D33A00E32E04 /* Debug */,
				9C3E91502068D33A00E32E04 /* Release */,
			);
			defaultConfigurationIsVisible = 0;
			defaultConfigurationName = Release;
		};
/* End XCConfigurationList section */
	};
	rootObject = 9C3E91182068D33900E32E04 /* Project object */;
}
